
Microsoft Visual Studio Solution File, Format Version 12.00
# Visual Studio Version 17
VisualStudioVersion = 17.14.36414.22 d17.14
MinimumVisualStudioVersion = 10.0.40219.1
Project("{FAE04EC0-301F-11D3-BF4B-00C04F79EFBC}") = "WpfApp22", "WpfApp22\WpfApp22.csproj", "{5890548F-8748-41BA-9008-07603F438709}"
EndProject
Global
	GlobalSection(SolutionConfigurationPlatforms) = preSolution
		Debug|Any CPU = Debug|Any CPU
		Release|Any CPU = Release|Any CPU
	EndGlobalSection
	GlobalSection(ProjectConfigurationPlatforms) = postSolution
		{5890548F-8748-41BA-9008-07603F438709}.Debug|Any CPU.ActiveCfg = Debug|Any CPU
		{5890548F-8748-41BA-9008-07603F438709}.Debug|Any CPU.Build.0 = Debug|Any CPU
		{5890548F-8748-41BA-9008-07603F438709}.Release|Any CPU.ActiveCfg = Release|Any CPU
		{5890548F-8748-41BA-9008-07603F438709}.Release|Any CPU.Build.0 = Release|Any CPU
	EndGlobalSection
	GlobalSection(SolutionProperties) = preSolution
		HideSolutionNode = FALSE
	EndGlobalSection
	GlobalSection(ExtensibilityGlobals) = postSolution
		SolutionGuid = {8981DB5F-99C7-4D47-963F-D3E93320BD3D}
	EndGlobalSection
EndGlobal
